
Microsoft Visual Studio Solution File, Format Version 12.00
# Visual Studio Version 16
VisualStudioVersion = 16.0.29519.181
MinimumVisualStudioVersion = 10.0.40219.1
Project("{FAE04EC0-301F-11D3-BF4B-00C04F79EFBC}") = "Exercise 2", "Exercise 2\Exercise 2.csproj", "{E2A8AAE9-0106-4183-A6D3-7F1AF62763AC}"
EndProject
Global
	GlobalSection(SolutionConfigurationPlatforms) = preSolution
		Debug|Any CPU = Debug|Any CPU
		Release|Any CPU = Release|Any CPU
	EndGlobalSection
	GlobalSection(ProjectConfigurationPlatforms) = postSolution
		{E2A8AAE9-0106-4183-A6D3-7F1AF62763AC}.Debug|Any CPU.ActiveCfg = Debug|Any CPU
		{E2A8AAE9-0106-4183-A6D3-7F1AF62763AC}.Debug|Any CPU.Build.0 = Debug|Any CPU
		{E2A8AAE9-0106-4183-A6D3-7F1AF62763AC}.Release|Any CPU.ActiveCfg = Release|Any CPU
		{E2A8AAE9-0106-4183-A6D3-7F1AF62763AC}.Release|Any CPU.Build.0 = Release|Any CPU
	EndGlobalSection
	GlobalSection(SolutionProperties) = preSolution
		HideSolutionNode = FALSE
	EndGlobalSection
	GlobalSection(ExtensibilityGlobals) = postSolution
		SolutionGuid = {2A107801-317B-4C41-93B3-ACC2B5647697}
	EndGlobalSection
EndGlobal
