
Microsoft Visual Studio Solution File, Format Version 12.00
# Visual Studio Version 16
VisualStudioVersion = 16.0.29519.181
MinimumVisualStudioVersion = 10.0.40219.1
Project("{FAE04EC0-301F-11D3-BF4B-00C04F79EFBC}") = "Exercise 10", "Exercise 10\Exercise 10.csproj", "{97370F68-4267-4BA4-B9DA-EE22483335D1}"
EndProject
Global
	GlobalSection(SolutionConfigurationPlatforms) = preSolution
		Debug|Any CPU = Debug|Any CPU
		Release|Any CPU = Release|Any CPU
	EndGlobalSection
	GlobalSection(ProjectConfigurationPlatforms) = postSolution
		{97370F68-4267-4BA4-B9DA-EE22483335D1}.Debug|Any CPU.ActiveCfg = Debug|Any CPU
		{97370F68-4267-4BA4-B9DA-EE22483335D1}.Debug|Any CPU.Build.0 = Debug|Any CPU
		{97370F68-4267-4BA4-B9DA-EE22483335D1}.Release|Any CPU.ActiveCfg = Release|Any CPU
		{97370F68-4267-4BA4-B9DA-EE22483335D1}.Release|Any CPU.Build.0 = Release|Any CPU
	EndGlobalSection
	GlobalSection(SolutionProperties) = preSolution
		HideSolutionNode = FALSE
	EndGlobalSection
	GlobalSection(ExtensibilityGlobals) = postSolution
		SolutionGuid = {E8F91FFD-E619-4F8D-BC72-BF2385BFB10E}
	EndGlobalSection
EndGlobal
