
Microsoft Visual Studio Solution File, Format Version 12.00
# Visual Studio Version 16
VisualStudioVersion = 16.0.29519.181
MinimumVisualStudioVersion = 10.0.40219.1
Project("{FAE04EC0-301F-11D3-BF4B-00C04F79EFBC}") = "ConsoleApp2", "ConsoleApp2\ConsoleApp2.csproj", "{745BCA1B-54B3-4F28-8C5F-27406D0EFAF5}"
EndProject
Global
	GlobalSection(SolutionConfigurationPlatforms) = preSolution
		Debug|Any CPU = Debug|Any CPU
		Release|Any CPU = Release|Any CPU
	EndGlobalSection
	GlobalSection(ProjectConfigurationPlatforms) = postSolution
		{745BCA1B-54B3-4F28-8C5F-27406D0EFAF5}.Debug|Any CPU.ActiveCfg = Debug|Any CPU
		{745BCA1B-54B3-4F28-8C5F-27406D0EFAF5}.Debug|Any CPU.Build.0 = Debug|Any CPU
		{745BCA1B-54B3-4F28-8C5F-27406D0EFAF5}.Release|Any CPU.ActiveCfg = Release|Any CPU
		{745BCA1B-54B3-4F28-8C5F-27406D0EFAF5}.Release|Any CPU.Build.0 = Release|Any CPU
	EndGlobalSection
	GlobalSection(SolutionProperties) = preSolution
		HideSolutionNode = FALSE
	EndGlobalSection
	GlobalSection(ExtensibilityGlobals) = postSolution
		SolutionGuid = {2F2B18AE-B89C-4345-93D8-89A765C6A07C}
	EndGlobalSection
EndGlobal
