
Microsoft Visual Studio Solution File, Format Version 12.00
# Visual Studio Version 16
VisualStudioVersion = 16.0.29519.181
MinimumVisualStudioVersion = 10.0.40219.1
Project("{FAE04EC0-301F-11D3-BF4B-00C04F79EFBC}") = "Exercise 9", "Exercise 9\Exercise 9.csproj", "{EFDE0CB0-C4BF-4437-A7CD-B9FFAA06897A}"
EndProject
Global
	GlobalSection(SolutionConfigurationPlatforms) = preSolution
		Debug|Any CPU = Debug|Any CPU
		Release|Any CPU = Release|Any CPU
	EndGlobalSection
	GlobalSection(ProjectConfigurationPlatforms) = postSolution
		{EFDE0CB0-C4BF-4437-A7CD-B9FFAA06897A}.Debug|Any CPU.ActiveCfg = Debug|Any CPU
		{EFDE0CB0-C4BF-4437-A7CD-B9FFAA06897A}.Debug|Any CPU.Build.0 = Debug|Any CPU
		{EFDE0CB0-C4BF-4437-A7CD-B9FFAA06897A}.Release|Any CPU.ActiveCfg = Release|Any CPU
		{EFDE0CB0-C4BF-4437-A7CD-B9FFAA06897A}.Release|Any CPU.Build.0 = Release|Any CPU
	EndGlobalSection
	GlobalSection(SolutionProperties) = preSolution
		HideSolutionNode = FALSE
	EndGlobalSection
	GlobalSection(ExtensibilityGlobals) = postSolution
		SolutionGuid = {723A3DEB-DB14-4678-9563-2D6F6DBA1AEB}
	EndGlobalSection
EndGlobal
