
Microsoft Visual Studio Solution File, Format Version 12.00
# Visual Studio Version 16
VisualStudioVersion = 16.0.29519.181
MinimumVisualStudioVersion = 10.0.40219.1
Project("{FAE04EC0-301F-11D3-BF4B-00C04F79EFBC}") = "Exercise 1", "Exercise 1\Exercise 1.csproj", "{A09CF2DE-0346-42B3-9568-EEF339FDBB1A}"
EndProject
Global
	GlobalSection(SolutionConfigurationPlatforms) = preSolution
		Debug|Any CPU = Debug|Any CPU
		Release|Any CPU = Release|Any CPU
	EndGlobalSection
	GlobalSection(ProjectConfigurationPlatforms) = postSolution
		{A09CF2DE-0346-42B3-9568-EEF339FDBB1A}.Debug|Any CPU.ActiveCfg = Debug|Any CPU
		{A09CF2DE-0346-42B3-9568-EEF339FDBB1A}.Debug|Any CPU.Build.0 = Debug|Any CPU
		{A09CF2DE-0346-42B3-9568-EEF339FDBB1A}.Release|Any CPU.ActiveCfg = Release|Any CPU
		{A09CF2DE-0346-42B3-9568-EEF339FDBB1A}.Release|Any CPU.Build.0 = Release|Any CPU
	EndGlobalSection
	GlobalSection(SolutionProperties) = preSolution
		HideSolutionNode = FALSE
	EndGlobalSection
	GlobalSection(ExtensibilityGlobals) = postSolution
		SolutionGuid = {4101461C-5F12-4D9C-8D79-8C33B2116A4C}
	EndGlobalSection
EndGlobal
