
Microsoft Visual Studio Solution File, Format Version 12.00
# Visual Studio Version 16
VisualStudioVersion = 16.0.29519.181
MinimumVisualStudioVersion = 10.0.40219.1
Project("{FAE04EC0-301F-11D3-BF4B-00C04F79EFBC}") = "Exercise 8", "Exercise 8\Exercise 8.csproj", "{12B784F2-76EB-46B4-9BD7-0B38EFE2DC84}"
EndProject
Global
	GlobalSection(SolutionConfigurationPlatforms) = preSolution
		Debug|Any CPU = Debug|Any CPU
		Release|Any CPU = Release|Any CPU
	EndGlobalSection
	GlobalSection(ProjectConfigurationPlatforms) = postSolution
		{12B784F2-76EB-46B4-9BD7-0B38EFE2DC84}.Debug|Any CPU.ActiveCfg = Debug|Any CPU
		{12B784F2-76EB-46B4-9BD7-0B38EFE2DC84}.Debug|Any CPU.Build.0 = Debug|Any CPU
		{12B784F2-76EB-46B4-9BD7-0B38EFE2DC84}.Release|Any CPU.ActiveCfg = Release|Any CPU
		{12B784F2-76EB-46B4-9BD7-0B38EFE2DC84}.Release|Any CPU.Build.0 = Release|Any CPU
	EndGlobalSection
	GlobalSection(SolutionProperties) = preSolution
		HideSolutionNode = FALSE
	EndGlobalSection
	GlobalSection(ExtensibilityGlobals) = postSolution
		SolutionGuid = {4DA6E0B8-F9B4-4D7D-A4DF-C35D5526813F}
	EndGlobalSection
EndGlobal
