
Microsoft Visual Studio Solution File, Format Version 12.00
# Visual Studio Version 16
VisualStudioVersion = 16.0.29519.181
MinimumVisualStudioVersion = 10.0.40219.1
Project("{FAE04EC0-301F-11D3-BF4B-00C04F79EFBC}") = "Exercise 7", "Exercise 7\Exercise 7.csproj", "{1620C408-397B-4825-97DE-B8BD48C514BC}"
EndProject
Global
	GlobalSection(SolutionConfigurationPlatforms) = preSolution
		Debug|Any CPU = Debug|Any CPU
		Release|Any CPU = Release|Any CPU
	EndGlobalSection
	GlobalSection(ProjectConfigurationPlatforms) = postSolution
		{1620C408-397B-4825-97DE-B8BD48C514BC}.Debug|Any CPU.ActiveCfg = Debug|Any CPU
		{1620C408-397B-4825-97DE-B8BD48C514BC}.Debug|Any CPU.Build.0 = Debug|Any CPU
		{1620C408-397B-4825-97DE-B8BD48C514BC}.Release|Any CPU.ActiveCfg = Release|Any CPU
		{1620C408-397B-4825-97DE-B8BD48C514BC}.Release|Any CPU.Build.0 = Release|Any CPU
	EndGlobalSection
	GlobalSection(SolutionProperties) = preSolution
		HideSolutionNode = FALSE
	EndGlobalSection
	GlobalSection(ExtensibilityGlobals) = postSolution
		SolutionGuid = {637B26A7-E1E3-4AF9-8AE0-671367B5D885}
	EndGlobalSection
EndGlobal
