
Microsoft Visual Studio Solution File, Format Version 12.00
# Visual Studio Version 16
VisualStudioVersion = 16.0.29519.181
MinimumVisualStudioVersion = 10.0.40219.1
Project("{FAE04EC0-301F-11D3-BF4B-00C04F79EFBC}") = "Exercise 6", "Exercise 6\Exercise 6.csproj", "{CBDC39BD-DAC2-49E7-B7CC-FBDE28D2D774}"
EndProject
Global
	GlobalSection(SolutionConfigurationPlatforms) = preSolution
		Debug|Any CPU = Debug|Any CPU
		Release|Any CPU = Release|Any CPU
	EndGlobalSection
	GlobalSection(ProjectConfigurationPlatforms) = postSolution
		{CBDC39BD-DAC2-49E7-B7CC-FBDE28D2D774}.Debug|Any CPU.ActiveCfg = Debug|Any CPU
		{CBDC39BD-DAC2-49E7-B7CC-FBDE28D2D774}.Debug|Any CPU.Build.0 = Debug|Any CPU
		{CBDC39BD-DAC2-49E7-B7CC-FBDE28D2D774}.Release|Any CPU.ActiveCfg = Release|Any CPU
		{CBDC39BD-DAC2-49E7-B7CC-FBDE28D2D774}.Release|Any CPU.Build.0 = Release|Any CPU
	EndGlobalSection
	GlobalSection(SolutionProperties) = preSolution
		HideSolutionNode = FALSE
	EndGlobalSection
	GlobalSection(ExtensibilityGlobals) = postSolution
		SolutionGuid = {3AB660FD-A307-4248-A142-94D0569F871C}
	EndGlobalSection
EndGlobal
